// !$*UTF8*$!
{
	archiveVersion = 1;
	classes = {
	};
	objectVersion = 56;
	objects = {

/* Begin PBXBuildFile section */
		3107E8B92AEFFCEC002DC2B4 /* FamilyTableViewController.swift in Sources */ = {isa = PBXBuildFile; fileRef = 3107E8B82AEFFCEC002DC2B4 /* FamilyTableViewController.swift */; };
		3111B9EC2AF0060F00893750 /* PeopleTableViewCell.swift in Sources */ = {isa = PBXBuildFile; fileRef = 3111B9EB2AF0060F00893750 /* PeopleTableViewCell.swift */; };
		31695F272AC1CEE500E3AAA9 /* AppDelegate.swift in Sources */ = {isa = PBXBuildFile; fileRef = 31695F262AC1CEE500E3AAA9 /* AppDelegate.swift */; };
		31695F292AC1CEE500E3AAA9 /* SceneDelegate.swift in Sources */ = {isa = PBXBuildFile; fileRef = 31695F282AC1CEE500E3AAA9 /* SceneDelegate.swift */; };
		31695F2E2AC1CEE500E3AAA9 /* Main.storyboard in Resources */ = {isa = PBXBuildFile; fileRef = 31695F2C2AC1CEE500E3AAA9 /* Main.storyboard */; };
		31695F302AC1CEE500E3AAA9 /* Assets.xcassets in Resources */ = {isa = PBXBuildFile; fileRef = 31695F2F2AC1CEE500E3AAA9 /* Assets.xcassets */; };
		31695F332AC1CEE500E3AAA9 /* LaunchScreen.storyboard in Resources */ = {isa = PBXBuildFile; fileRef = 31695F312AC1CEE500E3AAA9 /* LaunchScreen.storyboard */; };
		31695F3B2AC1D2D600E3AAA9 /* Family Member.swift in Sources */ = {isa = PBXBuildFile; fileRef = 31695F3A2AC1D2D600E3AAA9 /* Family Member.swift */; };
		31695F3D2AC1D33A00E3AAA9 /* DetailViewController.swift in Sources */ = {isa = PBXBuildFile; fileRef = 31695F3C2AC1D33A00E3AAA9 /* DetailViewController.swift */; };
/* End PBXBuildFile section */

/* Begin PBXFileReference section */
		3107E8B82AEFFCEC002DC2B4 /* FamilyTableViewController.swift */ = {isa = PBXFileReference; lastKnownFileType = sourcecode.swift; path = FamilyTableViewController.swift; sourceTree = "<group>"; };
		3111B9EB2AF0060F00893750 /* PeopleTableViewCell.swift */ = {isa = PBXFileReference; lastKnownFileType = sourcecode.swift; path = PeopleTableViewCell.swift; sourceTree = "<group>"; };
		31695F232AC1CEE500E3AAA9 /* FamilyProject.app */ = {isa = PBXFileReference; explicitFileType = wrapper.application; includeInIndex = 0; path = FamilyProject.app; sourceTree = BUILT_PRODUCTS_DIR; };
		31695F262AC1CEE500E3AAA9 /* AppDelegate.swift */ = {isa = PBXFileReference; lastKnownFileType = sourcecode.swift; path = AppDelegate.swift; sourceTree = "<group>"; };
		31695F282AC1CEE500E3AAA9 /* SceneDelegate.swift */ = {isa = PBXFileReference; lastKnownFileType = sourcecode.swift; path = SceneDelegate.swift; sourceTree = "<group>"; };
		31695F2D2AC1CEE500E3AAA9 /* Base */ = {isa = PBXFileReference; lastKnownFileType = file.storyboard; name = Base; path = Base.lproj/Main.storyboard; sourceTree = "<group>"; };
		31695F2F2AC1CEE500E3AAA9 /* Assets.xcassets */ = {isa = PBXFileReference; lastKnownFileType = folder.assetcatalog; path = Assets.xcassets; sourceTree = "<group>"; };
		31695F322AC1CEE500E3AAA9 /* Base */ = {isa = PBXFileReference; lastKnownFileType = file.storyboard; name = Base; path = Base.lproj/LaunchScreen.storyboard; sourceTree = "<group>"; };
		31695F342AC1CEE500E3AAA9 /* Info.plist */ = {isa = PBXFileReference; lastKnownFileType = text.plist.xml; path = Info.plist; sourceTree = "<group>"; };
		31695F3A2AC1D2D600E3AAA9 /* Family Member.swift */ = {isa = PBXFileReference; lastKnownFileType = sourcecode.swift; path = "Family Member.swift"; sourceTree = "<group>"; };
		31695F3C2AC1D33A00E3AAA9 /* DetailViewController.swift */ = {isa = PBXFileReference; lastKnownFileType = sourcecode.swift; path = DetailViewController.swift; sourceTree = "<group>"; };
/* End PBXFileReference section */

/* Begin PBXFrameworksBuildPhase section */
		31695F202AC1CEE500E3AAA9 /* Frameworks */ = {
			isa = PBXFrameworksBuildPhase;
			buildActionMask = 2147483647;
			files = (
			);
			runOnlyForDeploymentPostprocessing = 0;
		};
/* End PBXFrameworksBuildPhase section */

/* Begin PBXGroup section */
		31695F1A2AC1CEE500E3AAA9 = {
			isa = PBXGroup;
			children = (
				3111B9EB2AF0060F00893750 /* PeopleTableViewCell.swift */,
				31695F252AC1CEE500E3AAA9 /* FamilyProject */,
				31695F242AC1CEE500E3AAA9 /* Products */,
			);
			sourceTree = "<group>";
		};
		31695F242AC1CEE500E3AAA9 /* Products */ = {
			isa = PBXGroup;
			children = (
				31695F232AC1CEE500E3AAA9 /* FamilyProject.app */,
			);
			name = Products;
			sourceTree = "<group>";
		};
		31695F252AC1CEE500E3AAA9 /* FamilyProject */ = {
			isa = PBXGroup;
			children = (
				31695F262AC1CEE500E3AAA9 /* AppDelegate.swift */,
				31695F282AC1CEE500E3AAA9 /* SceneDelegate.swift */,
				31695F2C2AC1CEE500E3AAA9 /* Main.storyboard */,
				3107E8B82AEFFCEC002DC2B4 /* FamilyTableViewController.swift */,
				31695F3A2AC1D2D600E3AAA9 /* Family Member.swift */,
				31695F3C2AC1D33A00E3AAA9 /* DetailViewController.swift */,
				31695F2F2AC1CEE500E3AAA9 /* Assets.xcassets */,
				31695F312AC1CEE500E3AAA9 /* LaunchScreen.storyboard */,
				31695F342AC1CEE500E3AAA9 /* Info.plist */,
			);
			path = FamilyProject;
			sourceTree = "<group>";
		};
/* End PBXGroup section */

/* Begin PBXNativeTarget section */
		31695F222AC1CEE500E3AAA9 /* FamilyProject */ = {
			isa = PBXNativeTarget;
			buildConfigurationList = 31695F372AC1CEE500E3AAA9 /* Build configuration list for PBXNativeTarget "FamilyProject" */;
			buildPhases = (
				31695F1F2AC1CEE500E3AAA9 /* Sources */,
				31695F202AC1CEE500E3AAA9 /* Frameworks */,
				31695F212AC1CEE500E3AAA9 /* Resources */,
			);
			buildRules = (
			);
			dependencies = (
			);
			name = FamilyProject;
			productName = FamilyProject;
			productReference = 31695F232AC1CEE500E3AAA9 /* FamilyProject.app */;
			productType = "com.apple.product-type.application";
		};
/* End PBXNativeTarget section */

/* Begin PBXProject section */
		31695F1B2AC1CEE500E3AAA9 /* Project object */ = {
			isa = PBXProject;
			attributes = {
				BuildIndependentTargetsInParallel = 1;
				LastSwiftUpdateCheck = 1430;
				LastUpgradeCheck = 1500;
				TargetAttributes = {
					31695F222AC1CEE500E3AAA9 = {
						CreatedOnToolsVersion = 14.3.1;
					};
				};
			};
			buildConfigurationList = 31695F1E2AC1CEE500E3AAA9 /* Build configuration list for PBXProject "FamilyProject" */;
			compatibilityVersion = "Xcode 14.0";
			developmentRegion = en;
			hasScannedForEncodings = 0;
			knownRegions = (
				en,
				Base,
			);
			mainGroup = 31695F1A2AC1CEE500E3AAA9;
			productRefGroup = 31695F242AC1CEE500E3AAA9 /* Products */;
			projectDirPath = "";
			projectRoot = "";
			targets = (
				31695F222AC1CEE500E3AAA9 /* FamilyProject */,
			);
		};
/* End PBXProject section */

/* Begin PBXResourcesBuildPhase section */
		31695F212AC1CEE500E3AAA9 /* Resources */ = {
			isa = PBXResourcesBuildPhase;
			buildActionMask = 2147483647;
			files = (
				31695F332AC1CEE500E3AAA9 /* LaunchScreen.storyboard in Resources */,
				31695F302AC1CEE500E3AAA9 /* Assets.xcassets in Resources */,
				31695F2E2AC1CEE500E3AAA9 /* Main.storyboard in Resources */,
			);
			runOnlyForDeploymentPostprocessing = 0;
		};
/* End PBXResourcesBuildPhase section */

/* Begin PBXSourcesBuildPhase section */
		31695F1F2AC1CEE500E3AAA9 /* Sources */ = {
			isa = PBXSourcesBuildPhase;
			buildActionMask = 2147483647;
			files = (
				31695F3B2AC1D2D600E3AAA9 /* Family Member.swift in Sources */,
				31695F3D2AC1D33A00E3AAA9 /* DetailViewController.swift in Sources */,
				3111B9EC2AF0060F00893750 /* PeopleTableViewCell.swift in Sources */,
				3107E8B92AEFFCEC002DC2B4 /* FamilyTableViewController.swift in Sources */,
				31695F272AC1CEE500E3AAA9 /* AppDelegate.swift in Sources */,
				31695F292AC1CEE500E3AAA9 /* SceneDelegate.swift in Sources */,
			);
			runOnlyForDeploymentPostprocessing = 0;
		};
/* End PBXSourcesBuildPhase section */

/* Begin PBXVariantGroup section */
		31695F2C2AC1CEE500E3AAA9 /* Main.storyboard */ = {
			isa = PBXVariantGroup;
			children = (
				31695F2D2AC1CEE500E3AAA9 /* Base */,
			);
			name = Main.storyboard;
			sourceTree = "<group>";
		};
		31695F312AC1CEE500E3AAA9 /* LaunchScreen.storyboard */ = {
			isa = PBXVariantGroup;
			children = (
				31695F322AC1CEE500E3AAA9 /* Base */,
			);
			name = LaunchScreen.storyboard;
			sourceTree = "<group>";
		};
/* End PBXVariantGroup section */

/* Begin XCBuildConfiguration section */
		31695F352AC1CEE500E3AAA9 /* Debug */ = {
			isa = XCBuildConfiguration;
			buildSettings = {
				ALWAYS_SEARCH_USER_PATHS = NO;
				CLANG_ANALYZER_NONNULL = YES;
				CLANG_ANALYZER_NUMBER_OBJECT_CONVERSION = YES_AGGRESSIVE;
				CLANG_CXX_LANGUAGE_STANDARD = "gnu++20";
				CLANG_ENABLE_MODULES = YES;
				CLANG_ENABLE_OBJC_ARC = YES;
				CLANG_ENABLE_OBJC_WEAK = YES;
				CLANG_WARN_BLOCK_CAPTURE_AUTORELEASING = YES;
				CLANG_WARN_BOOL_CONVERSION = YES;
				CLANG_WARN_COMMA = YES;
				CLANG_WARN_CONSTANT_CONVERSION = YES;
				CLANG_WARN_DEPRECATED_OBJC_IMPLEMENTATIONS = YES;
				CLANG_WARN_DIRECT_OBJC_ISA_USAGE = YES_ERROR;
				CLANG_WARN_DOCUMENTATION_COMMENTS = YES;
				CLANG_WARN_EMPTY_BODY = YES;
				CLANG_WARN_ENUM_CONVERSION = YES;
				CLANG_WARN_INFINITE_RECURSION = YES;
				CLANG_WARN_INT_CONVERSION = YES;
				CLANG_WARN_NON_LITERAL_NULL_CONVERSION = YES;
				CLANG_WARN_OBJC_IMPLICIT_RETAIN_SELF = YES;
				CLANG_WARN_OBJC_LITERAL_CONVERSION = YES;
				CLANG_WARN_OBJC_ROOT_CLASS = YES_ERROR;
				CLANG_WARN_QUOTED_INCLUDE_IN_FRAMEWORK_HEADER = YES;
				CLANG_WARN_RANGE_LOOP_ANALYSIS = YES;
				CLANG_WARN_STRICT_PROTOTYPES = YES;
				CLANG_WARN_SUSPICIOUS_MOVE = YES;
				CLANG_WARN_UNGUARDED_AVAILABILITY = YES_AGGRESSIVE;
				CLANG_WARN_UNREACHABLE_CODE = YES;
				CLANG_WARN__DUPLICATE_METHOD_MATCH = YES;
				COPY_PHASE_STRIP = NO;
				DEBUG_INFORMATION_FORMAT = dwarf;
				ENABLE_STRICT_OBJC_MSGSEND = YES;
				ENABLE_TESTABILITY = YES;
				ENABLE_USER_SCRIPT_SANDBOXING = YES;
				GCC_C_LANGUAGE_STANDARD = gnu11;
				GCC_DYNAMIC_NO_PIC = NO;
				GCC_NO_COMMON_BLOCKS = YES;
				GCC_OPTIMIZATION_LEVEL = 0;
				GCC_PREPROCESSOR_DEFINITIONS = (
					"DEBUG=1",
					"$(inherited)",
				);
				GCC_WARN_64_TO_32_BIT_CONVERSION = YES;
				GCC_WARN_ABOUT_RETURN_TYPE = YES_ERROR;
				GCC_WARN_UNDECLARED_SELECTOR = YES;
				GCC_WARN_UNINITIALIZED_AUTOS = YES_AGGRESSIVE;
				GCC_WARN_UNUSED_FUNCTION = YES;
				GCC_WARN_UNUSED_VARIABLE = YES;
				IPHONEOS_DEPLOYMENT_TARGET = 16.4;
				MTL_ENABLE_DEBUG_INFO = INCLUDE_SOURCE;
				MTL_FAST_MATH = YES;
				ONLY_ACTIVE_ARCH = YES;
				SDKROOT = iphoneos;
				SWIFT_ACTIVE_COMPILATION_CONDITIONS = DEBUG;
				SWIFT_OPTIMIZATION_LEVEL = "-Onone";
			};
			name = Debug;
		};
		31695F362AC1CEE500E3AAA9 /* Release */ = {
			isa = XCBuildConfiguration;
			buildSettings = {
				ALWAYS_SEARCH_USER_PATHS = NO;
				CLANG_ANALYZER_NONNULL = YES;
				CLANG_ANALYZER_NUMBER_OBJECT_CONVERSION = YES_AGGRESSIVE;
				CLANG_CXX_LANGUAGE_STANDARD = "gnu++20";
				CLANG_ENABLE_MODULES = YES;
				CLANG_ENABLE_OBJC_ARC = YES;
				CLANG_ENABLE_OBJC_WEAK = YES;
				CLANG_WARN_BLOCK_CAPTURE_AUTORELEASING = YES;
				CLANG_WARN_BOOL_CONVERSION = YES;
				CLANG_WARN_COMMA = YES;
				CLANG_WARN_CONSTANT_CONVERSION = YES;
				CLANG_WARN_DEPRECATED_OBJC_IMPLEMENTATIONS = YES;
				CLANG_WARN_DIRECT_OBJC_ISA_USAGE = YES_ERROR;
				CLANG_WARN_DOCUMENTATION_COMMENTS = YES;
				CLANG_WARN_EMPTY_BODY = YES;
				CLANG_WARN_ENUM_CONVERSION = YES;
				CLANG_WARN_INFINITE_RECURSION = YES;
				CLANG_WARN_INT_CONVERSION = YES;
				CLANG_WARN_NON_LITERAL_NULL_CONVERSION = YES;
				CLANG_WARN_OBJC_IMPLICIT_RETAIN_SELF = YES;
				CLANG_WARN_OBJC_LITERAL_CONVERSION = YES;
				CLANG_WARN_OBJC_ROOT_CLASS = YES_ERROR;
				CLANG_WARN_QUOTED_INCLUDE_IN_FRAMEWORK_HEADER = YES;
				CLANG_WARN_RANGE_LOOP_ANALYSIS = YES;
				CLANG_WARN_STRICT_PROTOTYPES = YES;
				CLANG_WARN_SUSPICIOUS_MOVE = YES;
				CLANG_WARN_UNGUARDED_AVAILABILITY = YES_AGGRESSIVE;
				CLANG_WARN_UNREACHABLE_CODE = YES;
				CLANG_WARN__DUPLICATE_METHOD_MATCH = YES;
				COPY_PHASE_STRIP = NO;
				DEBUG_INFORMATION_FORMAT = "dwarf-with-dsym";
				ENABLE_NS_ASSERTIONS = NO;
				ENABLE_STRICT_OBJC_MSGSEND = YES;
				ENABLE_USER_SCRIPT_SANDBOXING = YES;
				GCC_C_LANGUAGE_STANDARD = gnu11;
				GCC_NO_COMMON_BLOCKS = YES;
				GCC_WARN_64_TO_32_BIT_CONVERSION = YES;
				GCC_WARN_ABOUT_RETURN_TYPE = YES_ERROR;
				GCC_WARN_UNDECLARED_SELECTOR = YES;
				GCC_WARN_UNINITIALIZED_AUTOS = YES_AGGRESSIVE;
				GCC_WARN_UNUSED_FUNCTION = YES;
				GCC_WARN_UNUSED_VARIABLE = YES;
				IPHONEOS_DEPLOYMENT_TARGET = 16.4;
				MTL_ENABLE_DEBUG_INFO = NO;
				MTL_FAST_MATH = YES;
				SDKROOT = iphoneos;
				SWIFT_COMPILATION_MODE = wholemodule;
				SWIFT_OPTIMIZATION_LEVEL = "-O";
				VALIDATE_PRODUCT = YES;
			};
			name = Release;
		};
		31695F382AC1CEE500E3AAA9 /* Debug */ = {
			isa = XCBuildConfiguration;
			buildSettings = {
				ASSETCATALOG_COMPILER_APPICON_NAME = AppIcon;
				ASSETCATALOG_COMPILER_GLOBAL_ACCENT_COLOR_NAME = AccentColor;
				CODE_SIGN_STYLE = Automatic;
				CURRENT_PROJECT_VERSION = 1;
				DEVELOPMENT_TEAM = B94244JN36;
				GENERATE_INFOPLIST_FILE = YES;
				INFOPLIST_FILE = FamilyProject/Info.plist;
				INFOPLIST_KEY_UIApplicationSupportsIndirectInputEvents = YES;
				INFOPLIST_KEY_UILaunchStoryboardName = LaunchScreen;
				INFOPLIST_KEY_UIMainStoryboardFile = Main;
				INFOPLIST_KEY_UISupportedInterfaceOrientations_iPad = "UIInterfaceOrientationPortrait UIInterfaceOrientationPortraitUpsideDown UIInterfaceOrientationLandscapeLeft UIInterfaceOrientationLandscapeRight";
				INFOPLIST_KEY_UISupportedInterfaceOrientations_iPhone = "UIInterfaceOrientationPortrait UIInterfaceOrientationLandscapeLeft UIInterfaceOrientationLandscapeRight";
				LD_RUNPATH_SEARCH_PATHS = (
					"$(inherited)",
					"@executable_path/Frameworks",
				);
				MARKETING_VERSION = 1.0;
				PRODUCT_BUNDLE_IDENTIFIER = "Austin-Dobberfuhl.FamilyProject";
				PRODUCT_NAME = "$(TARGET_NAME)";
				SWIFT_EMIT_LOC_STRINGS = YES;
				SWIFT_VERSION = 5.0;
				TARGETED_DEVICE_FAMILY = "1,2";
			};
			name = Debug;
		};
		31695F392AC1CEE500E3AAA9 /* Release */ = {
			isa = XCBuildConfiguration;
			buildSettings = {
				ASSETCATALOG_COMPILER_APPICON_NAME = AppIcon;
				ASSETCATALOG_COMPILER_GLOBAL_ACCENT_COLOR_NAME = AccentColor;
				CODE_SIGN_STYLE = Automatic;
				CURRENT_PROJECT_VERSION = 1;
				DEVELOPMENT_TEAM = B94244JN36;
				GENERATE_INFOPLIST_FILE = YES;
				INFOPLIST_FILE = FamilyProject/Info.plist;
				INFOPLIST_KEY_UIApplicationSupportsIndirectInputEvents = YES;
				INFOPLIST_KEY_UILaunchStoryboardName = LaunchScreen;
				INFOPLIST_KEY_UIMainStoryboardFile = Main;
				INFOPLIST_KEY_UISupportedInterfaceOrientations_iPad = "UIInterfaceOrientationPortrait UIInterfaceOrientationPortraitUpsideDown UIInterfaceOrientationLandscapeLeft UIInterfaceOrientationLandscapeRight";
				INFOPLIST_KEY_UISupportedInterfaceOrientations_iPhone = "UIInterfaceOrientationPortrait UIInterfaceOrientationLandscapeLeft UIInterfaceOrientationLandscapeRight";
				LD_RUNPATH_SEARCH_PATHS = (
					"$(inherited)",
					"@executable_path/Frameworks",
				);
				MARKETING_VERSION = 1.0;
				PRODUCT_BUNDLE_IDENTIFIER = "Austin-Dobberfuhl.FamilyProject";
				PRODUCT_NAME = "$(TARGET_NAME)";
				SWIFT_EMIT_LOC_STRINGS = YES;
				SWIFT_VERSION = 5.0;
				TARGETED_DEVICE_FAMILY = "1,2";
			};
			name = Release;
		};
/* End XCBuildConfiguration section */

/* Begin XCConfigurationList section */
		31695F1E2AC1CEE500E3AAA9 /* Build configuration list for PBXProject "FamilyProject" */ = {
			isa = XCConfigurationList;
			buildConfigurations = (
				31695F352AC1CEE500E3AAA9 /* Debug */,
				31695F362AC1CEE500E3AAA9 /* Release */,
			);
			defaultConfigurationIsVisible = 0;
			defaultConfigurationName = Release;
		};
		31695F372AC1CEE500E3AAA9 /* Build configuration list for PBXNativeTarget "FamilyProject" */ = {
			isa = XCConfigurationList;
			buildConfigurations = (
				31695F382AC1CEE500E3AAA9 /* Debug */,
				31695F392AC1CEE500E3AAA9 /* Release */,
			);
			defaultConfigurationIsVisible = 0;
			defaultConfigurationName = Release;
		};
/* End XCConfigurationList section */
	};
	rootObject = 31695F1B2AC1CEE500E3AAA9 /* Project object */;
}
